// !$*UTF8*$!
{
	archiveVersion = 1;
	classes = {
	};
	objectVersion = 50;
	objects = {

/* Begin PBXBuildFile section */
		C516C27324A4FCE900E94F8B /* Constants.swift in Sources */ = {isa = PBXBuildFile; fileRef = C516C27224A4FCE900E94F8B /* Constants.swift */; };
		C516C27524A5012200E94F8B /* Video.swift in Sources */ = {isa = PBXBuildFile; fileRef = C516C27424A5012200E94F8B /* Video.swift */; };
		C516C27724A5216800E94F8B /* Model.swift in Sources */ = {isa = PBXBuildFile; fileRef = C516C27624A5216800E94F8B /* Model.swift */; };
		C516C27924A53FBE00E94F8B /* Response.swift in Sources */ = {isa = PBXBuildFile; fileRef = C516C27824A53FBE00E94F8B /* Response.swift */; };
		C52BCD7F24A601EA00BD22EC /* ConstantsTemplate.swift in Sources */ = {isa = PBXBuildFile; fileRef = C52BCD7E24A601EA00BD22EC /* ConstantsTemplate.swift */; };
		C52BCD8124A64F6D00BD22EC /* VideoTableViewCell.swift in Sources */ = {isa = PBXBuildFile; fileRef = C52BCD8024A64F6D00BD22EC /* VideoTableViewCell.swift */; };
		C52BCD8824A6831A00BD22EC /* CacheManager.swift in Sources */ = {isa = PBXBuildFile; fileRef = C52BCD8724A6831A00BD22EC /* CacheManager.swift */; };
		C52BCD8A24A689D200BD22EC /* DetailViewController.swift in Sources */ = {isa = PBXBuildFile; fileRef = C52BCD8924A689D200BD22EC /* DetailViewController.swift */; };
		C52BCD8D24A694E700BD22EC /* WebKit.framework in Frameworks */ = {isa = PBXBuildFile; fileRef = C52BCD8C24A694E700BD22EC /* WebKit.framework */; };
		C5E3856A24A2A40E001571C4 /* AppDelegate.swift in Sources */ = {isa = PBXBuildFile; fileRef = C5E3856924A2A40E001571C4 /* AppDelegate.swift */; };
		C5E3856C24A2A40E001571C4 /* SceneDelegate.swift in Sources */ = {isa = PBXBuildFile; fileRef = C5E3856B24A2A40E001571C4 /* SceneDelegate.swift */; };
		C5E3856E24A2A40E001571C4 /* ViewController.swift in Sources */ = {isa = PBXBuildFile; fileRef = C5E3856D24A2A40E001571C4 /* ViewController.swift */; };
		C5E3857124A2A40E001571C4 /* Main.storyboard in Resources */ = {isa = PBXBuildFile; fileRef = C5E3856F24A2A40E001571C4 /* Main.storyboard */; };
		C5E3857324A2A40F001571C4 /* Assets.xcassets in Resources */ = {isa = PBXBuildFile; fileRef = C5E3857224A2A40F001571C4 /* Assets.xcassets */; };
		C5E3857624A2A40F001571C4 /* LaunchScreen.storyboard in Resources */ = {isa = PBXBuildFile; fileRef = C5E3857424A2A40F001571C4 /* LaunchScreen.storyboard */; };
/* End PBXBuildFile section */

/* Begin PBXFileReference section */
		C516C27224A4FCE900E94F8B /* Constants.swift */ = {isa = PBXFileReference; lastKnownFileType = sourcecode.swift; name = Constants.swift; path = ../Constants.swift; sourceTree = "<group>"; };
		C516C27424A5012200E94F8B /* Video.swift */ = {isa = PBXFileReference; lastKnownFileType = sourcecode.swift; path = Video.swift; sourceTree = "<group>"; };
		C516C27624A5216800E94F8B /* Model.swift */ = {isa = PBXFileReference; lastKnownFileType = sourcecode.swift; path = Model.swift; sourceTree = "<group>"; };
		C516C27824A53FBE00E94F8B /* Response.swift */ = {isa = PBXFileReference; lastKnownFileType = sourcecode.swift; path = Response.swift; sourceTree = "<group>"; };
		C52BCD7E24A601EA00BD22EC /* ConstantsTemplate.swift */ = {isa = PBXFileReference; lastKnownFileType = sourcecode.swift; path = ConstantsTemplate.swift; sourceTree = "<group>"; };
		C52BCD8024A64F6D00BD22EC /* VideoTableViewCell.swift */ = {isa = PBXFileReference; lastKnownFileType = sourcecode.swift; path = VideoTableViewCell.swift; sourceTree = "<group>"; };
		C52BCD8724A6831A00BD22EC /* CacheManager.swift */ = {isa = PBXFileReference; lastKnownFileType = sourcecode.swift; path = CacheManager.swift; sourceTree = "<group>"; };
		C52BCD8924A689D200BD22EC /* DetailViewController.swift */ = {isa = PBXFileReference; lastKnownFileType = sourcecode.swift; path = DetailViewController.swift; sourceTree = "<group>"; };
		C52BCD8C24A694E700BD22EC /* WebKit.framework */ = {isa = PBXFileReference; lastKnownFileType = wrapper.framework; name = WebKit.framework; path = System/Library/Frameworks/WebKit.framework; sourceTree = SDKROOT; };
		C5E3856624A2A40E001571C4 /* YouTube-Oneday-Player.app */ = {isa = PBXFileReference; explicitFileType = wrapper.application; includeInIndex = 0; path = "YouTube-Oneday-Player.app"; sourceTree = BUILT_PRODUCTS_DIR; };
		C5E3856924A2A40E001571C4 /* AppDelegate.swift */ = {isa = PBXFileReference; lastKnownFileType = sourcecode.swift; path = AppDelegate.swift; sourceTree = "<group>"; };
		C5E3856B24A2A40E001571C4 /* SceneDelegate.swift */ = {isa = PBXFileReference; lastKnownFileType = sourcecode.swift; path = SceneDelegate.swift; sourceTree = "<group>"; };
		C5E3856D24A2A40E001571C4 /* ViewController.swift */ = {isa = PBXFileReference; lastKnownFileType = sourcecode.swift; path = ViewController.swift; sourceTree = "<group>"; };
		C5E3857024A2A40E001571C4 /* Base */ = {isa = PBXFileReference; lastKnownFileType = file.storyboard; name = Base; path = Base.lproj/Main.storyboard; sourceTree = "<group>"; };
		C5E3857224A2A40F001571C4 /* Assets.xcassets */ = {isa = PBXFileReference; lastKnownFileType = folder.assetcatalog; path = Assets.xcassets; sourceTree = "<group>"; };
		C5E3857524A2A40F001571C4 /* Base */ = {isa = PBXFileReference; lastKnownFileType = file.storyboard; name = Base; path = Base.lproj/LaunchScreen.storyboard; sourceTree = "<group>"; };
		C5E3857724A2A40F001571C4 /* Info.plist */ = {isa = PBXFileReference; lastKnownFileType = text.plist.xml; path = Info.plist; sourceTree = "<group>"; };
/* End PBXFileReference section */

/* Begin PBXFrameworksBuildPhase section */
		C5E3856324A2A40E001571C4 /* Frameworks */ = {
			isa = PBXFrameworksBuildPhase;
			buildActionMask = 2147483647;
			files = (
				C52BCD8D24A694E700BD22EC /* WebKit.framework in Frameworks */,
			);
			runOnlyForDeploymentPostprocessing = 0;
		};
/* End PBXFrameworksBuildPhase section */

/* Begin PBXGroup section */
		C52BCD8224A64F9200BD22EC /* View Controllers */ = {
			isa = PBXGroup;
			children = (
				C5E3856D24A2A40E001571C4 /* ViewController.swift */,
				C52BCD8924A689D200BD22EC /* DetailViewController.swift */,
			);
			path = "View Controllers";
			sourceTree = "<group>";
		};
		C52BCD8324A64FAD00BD22EC /* Views */ = {
			isa = PBXGroup;
			children = (
				C52BCD8024A64F6D00BD22EC /* VideoTableViewCell.swift */,
			);
			path = Views;
			sourceTree = "<group>";
		};
		C52BCD8424A64FB500BD22EC /* Models */ = {
			isa = PBXGroup;
			children = (
				C516C27424A5012200E94F8B /* Video.swift */,
				C516C27624A5216800E94F8B /* Model.swift */,
				C516C27824A53FBE00E94F8B /* Response.swift */,
			);
			path = Models;
			sourceTree = "<group>";
		};
		C52BCD8524A64FC200BD22EC /* Storyboards */ = {
			isa = PBXGroup;
			children = (
				C5E3856F24A2A40E001571C4 /* Main.storyboard */,
				C5E3857424A2A40F001571C4 /* LaunchScreen.storyboard */,
			);
			path = Storyboards;
			sourceTree = "<group>";
		};
		C52BCD8624A64FD800BD22EC /* Helpers */ = {
			isa = PBXGroup;
			children = (
				C52BCD7E24A601EA00BD22EC /* ConstantsTemplate.swift */,
				C516C27224A4FCE900E94F8B /* Constants.swift */,
				C52BCD8724A6831A00BD22EC /* CacheManager.swift */,
			);
			path = Helpers;
			sourceTree = "<group>";
		};
		C52BCD8B24A694E600BD22EC /* Frameworks */ = {
			isa = PBXGroup;
			children = (
				C52BCD8C24A694E700BD22EC /* WebKit.framework */,
			);
			name = Frameworks;
			sourceTree = "<group>";
		};
		C5E3855D24A2A40E001571C4 = {
			isa = PBXGroup;
			children = (
				C5E3856824A2A40E001571C4 /* YouTube-Oneday-Player */,
				C5E3856724A2A40E001571C4 /* Products */,
				C52BCD8B24A694E600BD22EC /* Frameworks */,
			);
			sourceTree = "<group>";
		};
		C5E3856724A2A40E001571C4 /* Products */ = {
			isa = PBXGroup;
			children = (
				C5E3856624A2A40E001571C4 /* YouTube-Oneday-Player.app */,
			);
			name = Products;
			sourceTree = "<group>";
		};
		C5E3856824A2A40E001571C4 /* YouTube-Oneday-Player */ = {
			isa = PBXGroup;
			children = (
				C5E3856924A2A40E001571C4 /* AppDelegate.swift */,
				C5E3856B24A2A40E001571C4 /* SceneDelegate.swift */,
				C52BCD8624A64FD800BD22EC /* Helpers */,
				C52BCD8524A64FC200BD22EC /* Storyboards */,
				C52BCD8424A64FB500BD22EC /* Models */,
				C52BCD8324A64FAD00BD22EC /* Views */,
				C52BCD8224A64F9200BD22EC /* View Controllers */,
				C5E3857224A2A40F001571C4 /* Assets.xcassets */,
				C5E3857724A2A40F001571C4 /* Info.plist */,
			);
			path = "YouTube-Oneday-Player";
			sourceTree = "<group>";
		};
/* End PBXGroup section */

/* Begin PBXNativeTarget section */
		C5E3856524A2A40E001571C4 /* YouTube-Oneday-Player */ = {
			isa = PBXNativeTarget;
			buildConfigurationList = C5E3857A24A2A40F001571C4 /* Build configuration list for PBXNativeTarget "YouTube-Oneday-Player" */;
			buildPhases = (
				C5E3856224A2A40E001571C4 /* Sources */,
				C5E3856324A2A40E001571C4 /* Frameworks */,
				C5E3856424A2A40E001571C4 /* Resources */,
			);
			buildRules = (
			);
			dependencies = (
			);
			name = "YouTube-Oneday-Player";
			productName = "YouTube-Oneday-Player";
			productReference = C5E3856624A2A40E001571C4 /* YouTube-Oneday-Player.app */;
			productType = "com.apple.product-type.application";
		};
/* End PBXNativeTarget section */

/* Begin PBXProject section */
		C5E3855E24A2A40E001571C4 /* Project object */ = {
			isa = PBXProject;
			attributes = {
				LastSwiftUpdateCheck = 1150;
				LastUpgradeCheck = 1150;
				ORGANIZATIONNAME = Heartinz;
				TargetAttributes = {
					C5E3856524A2A40E001571C4 = {
						CreatedOnToolsVersion = 11.5;
					};
				};
			};
			buildConfigurationList = C5E3856124A2A40E001571C4 /* Build configuration list for PBXProject "YouTube-Oneday-Player" */;
			compatibilityVersion = "Xcode 9.3";
			developmentRegion = en;
			hasScannedForEncodings = 0;
			knownRegions = (
				en,
				Base,
			);
			mainGroup = C5E3855D24A2A40E001571C4;
			productRefGroup = C5E3856724A2A40E001571C4 /* Products */;
			projectDirPath = "";
			projectRoot = "";
			targets = (
				C5E3856524A2A40E001571C4 /* YouTube-Oneday-Player */,
			);
		};
/* End PBXProject section */

/* Begin PBXResourcesBuildPhase section */
		C5E3856424A2A40E001571C4 /* Resources */ = {
			isa = PBXResourcesBuildPhase;
			buildActionMask = 2147483647;
			files = (
				C5E3857624A2A40F001571C4 /* LaunchScreen.storyboard in Resources */,
				C5E3857324A2A40F001571C4 /* Assets.xcassets in Resources */,
				C5E3857124A2A40E001571C4 /* Main.storyboard in Resources */,
			);
			runOnlyForDeploymentPostprocessing = 0;
		};
/* End PBXResourcesBuildPhase section */

/* Begin PBXSourcesBuildPhase section */
		C5E3856224A2A40E001571C4 /* Sources */ = {
			isa = PBXSourcesBuildPhase;
			buildActionMask = 2147483647;
			files = (
				C52BCD8A24A689D200BD22EC /* DetailViewController.swift in Sources */,
				C5E3856E24A2A40E001571C4 /* ViewController.swift in Sources */,
				C5E3856A24A2A40E001571C4 /* AppDelegate.swift in Sources */,
				C5E3856C24A2A40E001571C4 /* SceneDelegate.swift in Sources */,
				C52BCD7F24A601EA00BD22EC /* ConstantsTemplate.swift in Sources */,
				C516C27724A5216800E94F8B /* Model.swift in Sources */,
				C516C27324A4FCE900E94F8B /* Constants.swift in Sources */,
				C52BCD8824A6831A00BD22EC /* CacheManager.swift in Sources */,
				C516C27524A5012200E94F8B /* Video.swift in Sources */,
				C516C27924A53FBE00E94F8B /* Response.swift in Sources */,
				C52BCD8124A64F6D00BD22EC /* VideoTableViewCell.swift in Sources */,
			);
			runOnlyForDeploymentPostprocessing = 0;
		};
/* End PBXSourcesBuildPhase section */

/* Begin PBXVariantGroup section */
		C5E3856F24A2A40E001571C4 /* Main.storyboard */ = {
			isa = PBXVariantGroup;
			children = (
				C5E3857024A2A40E001571C4 /* Base */,
			);
			name = Main.storyboard;
			sourceTree = "<group>";
		};
		C5E3857424A2A40F001571C4 /* LaunchScreen.storyboard */ = {
			isa = PBXVariantGroup;
			children = (
				C5E3857524A2A40F001571C4 /* Base */,
			);
			name = LaunchScreen.storyboard;
			sourceTree = "<group>";
		};
/* End PBXVariantGroup section */

/* Begin XCBuildConfiguration section */
		C5E3857824A2A40F001571C4 /* Debug */ = {
			isa = XCBuildConfiguration;
			buildSettings = {
				ALWAYS_SEARCH_USER_PATHS = NO;
				CLANG_ANALYZER_NONNULL = YES;
				CLANG_ANALYZER_NUMBER_OBJECT_CONVERSION = YES_AGGRESSIVE;
				CLANG_CXX_LANGUAGE_STANDARD = "gnu++14";
				CLANG_CXX_LIBRARY = "libc++";
				CLANG_ENABLE_MODULES = YES;
				CLANG_ENABLE_OBJC_ARC = YES;
				CLANG_ENABLE_OBJC_WEAK = YES;
				CLANG_WARN_BLOCK_CAPTURE_AUTORELEASING = YES;
				CLANG_WARN_BOOL_CONVERSION = YES;
				CLANG_WARN_COMMA = YES;
				CLANG_WARN_CONSTANT_CONVERSION = YES;
				CLANG_WARN_DEPRECATED_OBJC_IMPLEMENTATIONS = YES;
				CLANG_WARN_DIRECT_OBJC_ISA_USAGE = YES_ERROR;
				CLANG_WARN_DOCUMENTATION_COMMENTS = YES;
				CLANG_WARN_EMPTY_BODY = YES;
				CLANG_WARN_ENUM_CONVERSION = YES;
				CLANG_WARN_INFINITE_RECURSION = YES;
				CLANG_WARN_INT_CONVERSION = YES;
				CLANG_WARN_NON_LITERAL_NULL_CONVERSION = YES;
				CLANG_WARN_OBJC_IMPLICIT_RETAIN_SELF = YES;
				CLANG_WARN_OBJC_LITERAL_CONVERSION = YES;
				CLANG_WARN_OBJC_ROOT_CLASS = YES_ERROR;
				CLANG_WARN_RANGE_LOOP_ANALYSIS = YES;
				CLANG_WARN_STRICT_PROTOTYPES = YES;
				CLANG_WARN_SUSPICIOUS_MOVE = YES;
				CLANG_WARN_UNGUARDED_AVAILABILITY = YES_AGGRESSIVE;
				CLANG_WARN_UNREACHABLE_CODE = YES;
				CLANG_WARN__DUPLICATE_METHOD_MATCH = YES;
				COPY_PHASE_STRIP = NO;
				DEBUG_INFORMATION_FORMAT = dwarf;
				ENABLE_STRICT_OBJC_MSGSEND = YES;
				ENABLE_TESTABILITY = YES;
				GCC_C_LANGUAGE_STANDARD = gnu11;
				GCC_DYNAMIC_NO_PIC = NO;
				GCC_NO_COMMON_BLOCKS = YES;
				GCC_OPTIMIZATION_LEVEL = 0;
				GCC_PREPROCESSOR_DEFINITIONS = (
					"DEBUG=1",
					"$(inherited)",
				);
				GCC_WARN_64_TO_32_BIT_CONVERSION = YES;
				GCC_WARN_ABOUT_RETURN_TYPE = YES_ERROR;
				GCC_WARN_UNDECLARED_SELECTOR = YES;
				GCC_WARN_UNINITIALIZED_AUTOS = YES_AGGRESSIVE;
				GCC_WARN_UNUSED_FUNCTION = YES;
				GCC_WARN_UNUSED_VARIABLE = YES;
				IPHONEOS_DEPLOYMENT_TARGET = 13.5;
				MTL_ENABLE_DEBUG_INFO = INCLUDE_SOURCE;
				MTL_FAST_MATH = YES;
				ONLY_ACTIVE_ARCH = YES;
				SDKROOT = iphoneos;
				SWIFT_ACTIVE_COMPILATION_CONDITIONS = DEBUG;
				SWIFT_OPTIMIZATION_LEVEL = "-Onone";
			};
			name = Debug;
		};
		C5E3857924A2A40F001571C4 /* Release */ = {
			isa = XCBuildConfiguration;
			buildSettings = {
				ALWAYS_SEARCH_USER_PATHS = NO;
				CLANG_ANALYZER_NONNULL = YES;
				CLANG_ANALYZER_NUMBER_OBJECT_CONVERSION = YES_AGGRESSIVE;
				CLANG_CXX_LANGUAGE_STANDARD = "gnu++14";
				CLANG_CXX_LIBRARY = "libc++";
				CLANG_ENABLE_MODULES = YES;
				CLANG_ENABLE_OBJC_ARC = YES;
				CLANG_ENABLE_OBJC_WEAK = YES;
				CLANG_WARN_BLOCK_CAPTURE_AUTORELEASING = YES;
				CLANG_WARN_BOOL_CONVERSION = YES;
				CLANG_WARN_COMMA = YES;
				CLANG_WARN_CONSTANT_CONVERSION = YES;
				CLANG_WARN_DEPRECATED_OBJC_IMPLEMENTATIONS = YES;
				CLANG_WARN_DIRECT_OBJC_ISA_USAGE = YES_ERROR;
				CLANG_WARN_DOCUMENTATION_COMMENTS = YES;
				CLANG_WARN_EMPTY_BODY = YES;
				CLANG_WARN_ENUM_CONVERSION = YES;
				CLANG_WARN_INFINITE_RECURSION = YES;
				CLANG_WARN_INT_CONVERSION = YES;
				CLANG_WARN_NON_LITERAL_NULL_CONVERSION = YES;
				CLANG_WARN_OBJC_IMPLICIT_RETAIN_SELF = YES;
				CLANG_WARN_OBJC_LITERAL_CONVERSION = YES;
				CLANG_WARN_OBJC_ROOT_CLASS = YES_ERROR;
				CLANG_WARN_RANGE_LOOP_ANALYSIS = YES;
				CLANG_WARN_STRICT_PROTOTYPES = YES;
				CLANG_WARN_SUSPICIOUS_MOVE = YES;
				CLANG_WARN_UNGUARDED_AVAILABILITY = YES_AGGRESSIVE;
				CLANG_WARN_UNREACHABLE_CODE = YES;
				CLANG_WARN__DUPLICATE_METHOD_MATCH = YES;
				COPY_PHASE_STRIP = NO;
				DEBUG_INFORMATION_FORMAT = "dwarf-with-dsym";
				ENABLE_NS_ASSERTIONS = NO;
				ENABLE_STRICT_OBJC_MSGSEND = YES;
				GCC_C_LANGUAGE_STANDARD = gnu11;
				GCC_NO_COMMON_BLOCKS = YES;
				GCC_WARN_64_TO_32_BIT_CONVERSION = YES;
				GCC_WARN_ABOUT_RETURN_TYPE = YES_ERROR;
				GCC_WARN_UNDECLARED_SELECTOR = YES;
				GCC_WARN_UNINITIALIZED_AUTOS = YES_AGGRESSIVE;
				GCC_WARN_UNUSED_FUNCTION = YES;
				GCC_WARN_UNUSED_VARIABLE = YES;
				IPHONEOS_DEPLOYMENT_TARGET = 13.5;
				MTL_ENABLE_DEBUG_INFO = NO;
				MTL_FAST_MATH = YES;
				SDKROOT = iphoneos;
				SWIFT_COMPILATION_MODE = wholemodule;
				SWIFT_OPTIMIZATION_LEVEL = "-O";
				VALIDATE_PRODUCT = YES;
			};
			name = Release;
		};
		C5E3857B24A2A40F001571C4 /* Debug */ = {
			isa = XCBuildConfiguration;
			buildSettings = {
				ASSETCATALOG_COMPILER_APPICON_NAME = AppIcon;
				CODE_SIGN_STYLE = Automatic;
				DEVELOPMENT_TEAM = 55W5PAKFU2;
				INFOPLIST_FILE = "YouTube-Oneday-Player/Info.plist";
				LD_RUNPATH_SEARCH_PATHS = (
					"$(inherited)",
					"@executable_path/Frameworks",
				);
				PRODUCT_BUNDLE_IDENTIFIER = "heartinz.YouTube-Oneday-Player";
				PRODUCT_NAME = "$(TARGET_NAME)";
				SWIFT_VERSION = 5.0;
				TARGETED_DEVICE_FAMILY = "1,2";
			};
			name = Debug;
		};
		C5E3857C24A2A40F001571C4 /* Release */ = {
			isa = XCBuildConfiguration;
			buildSettings = {
				ASSETCATALOG_COMPILER_APPICON_NAME = AppIcon;
				CODE_SIGN_STYLE = Automatic;
				DEVELOPMENT_TEAM = 55W5PAKFU2;
				INFOPLIST_FILE = "YouTube-Oneday-Player/Info.plist";
				LD_RUNPATH_SEARCH_PATHS = (
					"$(inherited)",
					"@executable_path/Frameworks",
				);
				PRODUCT_BUNDLE_IDENTIFIER = "heartinz.YouTube-Oneday-Player";
				PRODUCT_NAME = "$(TARGET_NAME)";
				SWIFT_VERSION = 5.0;
				TARGETED_DEVICE_FAMILY = "1,2";
			};
			name = Release;
		};
/* End XCBuildConfiguration section */

/* Begin XCConfigurationList section */
		C5E3856124A2A40E001571C4 /* Build configuration list for PBXProject "YouTube-Oneday-Player" */ = {
			isa = XCConfigurationList;
			buildConfigurations = (
				C5E3857824A2A40F001571C4 /* Debug */,
				C5E3857924A2A40F001571C4 /* Release */,
			);
			defaultConfigurationIsVisible = 0;
			defaultConfigurationName = Release;
		};
		C5E3857A24A2A40F001571C4 /* Build configuration list for PBXNativeTarget "YouTube-Oneday-Player" */ = {
			isa = XCConfigurationList;
			buildConfigurations = (
				C5E3857B24A2A40F001571C4 /* Debug */,
				C5E3857C24A2A40F001571C4 /* Release */,
			);
			defaultConfigurationIsVisible = 0;
			defaultConfigurationName = Release;
		};
/* End XCConfigurationList section */
	};
	rootObject = C5E3855E24A2A40E001571C4 /* Project object */;
}
